
Microsoft Visual Studio Solution File, Format Version 12.00
# Visual Studio Version 16
VisualStudioVersion = 16.0.29001.49
MinimumVisualStudioVersion = 10.0.40219.1
Project("{FAE04EC0-301F-11D3-BF4B-00C04F79EFBC}") = "Try Catch", "Try Catch\Try Catch.csproj", "{6B31F921-19C0-4C95-86B9-1A48619BB6CA}"
EndProject
Global
	GlobalSection(SolutionConfigurationPlatforms) = preSolution
		Debug|Any CPU = Debug|Any CPU
		Release|Any CPU = Release|Any CPU
	EndGlobalSection
	GlobalSection(ProjectConfigurationPlatforms) = postSolution
		{6B31F921-19C0-4C95-86B9-1A48619BB6CA}.Debug|Any CPU.ActiveCfg = Debug|Any CPU
		{6B31F921-19C0-4C95-86B9-1A48619BB6CA}.Debug|Any CPU.Build.0 = Debug|Any CPU
		{6B31F921-19C0-4C95-86B9-1A48619BB6CA}.Release|Any CPU.ActiveCfg = Release|Any CPU
		{6B31F921-19C0-4C95-86B9-1A48619BB6CA}.Release|Any CPU.Build.0 = Release|Any CPU
	EndGlobalSection
	GlobalSection(SolutionProperties) = preSolution
		HideSolutionNode = FALSE
	EndGlobalSection
	GlobalSection(ExtensibilityGlobals) = postSolution
		SolutionGuid = {45C4D2CF-DA99-4DCC-B314-90DFDFC9F5E4}
	EndGlobalSection
EndGlobal
